
Microsoft Visual Studio Solution File, Format Version 12.00
# Visual Studio Version 17
VisualStudioVersion = 17.9.34714.143
MinimumVisualStudioVersion = 10.0.40219.1
Project("{FAE04EC0-301F-11D3-BF4B-00C04F79EFBC}") = "Model", "Model.csproj", "{555DA1AF-A9E4-41F8-B700-743DE4AA4736}"
EndProject
Global
	GlobalSection(SolutionConfigurationPlatforms) = preSolution
		Debug|Any CPU = Debug|Any CPU
		Release|Any CPU = Release|Any CPU
	EndGlobalSection
	GlobalSection(ProjectConfigurationPlatforms) = postSolution
		{555DA1AF-A9E4-41F8-B700-743DE4AA4736}.Debug|Any CPU.ActiveCfg = Debug|Any CPU
		{555DA1AF-A9E4-41F8-B700-743DE4AA4736}.Debug|Any CPU.Build.0 = Debug|Any CPU
		{555DA1AF-A9E4-41F8-B700-743DE4AA4736}.Release|Any CPU.ActiveCfg = Release|Any CPU
		{555DA1AF-A9E4-41F8-B700-743DE4AA4736}.Release|Any CPU.Build.0 = Release|Any CPU
	EndGlobalSection
	GlobalSection(SolutionProperties) = preSolution
		HideSolutionNode = FALSE
	EndGlobalSection
	GlobalSection(ExtensibilityGlobals) = postSolution
		SolutionGuid = {6CD250BF-9214-467F-8365-8701F18204EC}
	EndGlobalSection
EndGlobal
